
Microsoft Visual Studio Solution File, Format Version 12.00
# Visual Studio Version 17
VisualStudioVersion = 17.6.33712.159
MinimumVisualStudioVersion = 10.0.40219.1
Project("{9A19103F-16F7-4668-BE54-9A1E7A4F7556}") = "01_intro", "01_intro\01_intro.csproj", "{60BBC529-E4E0-4970-8F49-193553AD4EF5}"
EndProject
Project("{9A19103F-16F7-4668-BE54-9A1E7A4F7556}") = "02_base_controls", "02_base_controls\02_base_controls.csproj", "{7A14660A-F9F0-4272-93B2-8454760A77E6}"
EndProject
Project("{9A19103F-16F7-4668-BE54-9A1E7A4F7556}") = "03_controls", "03_controls\03_controls.csproj", "{18745626-4363-49F5-BB68-C5E18F07614C}"
EndProject
Project("{9A19103F-16F7-4668-BE54-9A1E7A4F7556}") = "05_menu_bars", "05_menu_bars\05_menu_bars.csproj", "{A7009F37-2181-403B-AD92-3AB0C0B65C3A}"
EndProject
Project("{9A19103F-16F7-4668-BE54-9A1E7A4F7556}") = "04_range_controls", "04_range_controls\04_range_controls.csproj", "{653C05FB-95AB-4E51-B392-48DC2FE10559}"
EndProject
Project("{9A19103F-16F7-4668-BE54-9A1E7A4F7556}") = "06_media_element", "06_media_element\06_media_element.csproj", "{D6CFC595-4820-4FFE-8333-9884A21F5F15}"
EndProject
Project("{FAE04EC0-301F-11D3-BF4B-00C04F79EFBC}") = "07_bindings", "07_bindings\07_bindings.csproj", "{BC1BFE37-297D-4620-9CCE-CF72441E5C3C}"
EndProject
Global
	GlobalSection(SolutionConfigurationPlatforms) = preSolution
		Debug|Any CPU = Debug|Any CPU
		Release|Any CPU = Release|Any CPU
	EndGlobalSection
	GlobalSection(ProjectConfigurationPlatforms) = postSolution
		{60BBC529-E4E0-4970-8F49-193553AD4EF5}.Debug|Any CPU.ActiveCfg = Debug|Any CPU
		{60BBC529-E4E0-4970-8F49-193553AD4EF5}.Debug|Any CPU.Build.0 = Debug|Any CPU
		{60BBC529-E4E0-4970-8F49-193553AD4EF5}.Release|Any CPU.ActiveCfg = Release|Any CPU
		{60BBC529-E4E0-4970-8F49-193553AD4EF5}.Release|Any CPU.Build.0 = Release|Any CPU
		{7A14660A-F9F0-4272-93B2-8454760A77E6}.Debug|Any CPU.ActiveCfg = Debug|Any CPU
		{7A14660A-F9F0-4272-93B2-8454760A77E6}.Debug|Any CPU.Build.0 = Debug|Any CPU
		{7A14660A-F9F0-4272-93B2-8454760A77E6}.Release|Any CPU.ActiveCfg = Release|Any CPU
		{7A14660A-F9F0-4272-93B2-8454760A77E6}.Release|Any CPU.Build.0 = Release|Any CPU
		{18745626-4363-49F5-BB68-C5E18F07614C}.Debug|Any CPU.ActiveCfg = Debug|Any CPU
		{18745626-4363-49F5-BB68-C5E18F07614C}.Debug|Any CPU.Build.0 = Debug|Any CPU
		{18745626-4363-49F5-BB68-C5E18F07614C}.Release|Any CPU.ActiveCfg = Release|Any CPU
		{18745626-4363-49F5-BB68-C5E18F07614C}.Release|Any CPU.Build.0 = Release|Any CPU
		{A7009F37-2181-403B-AD92-3AB0C0B65C3A}.Debug|Any CPU.ActiveCfg = Debug|Any CPU
		{A7009F37-2181-403B-AD92-3AB0C0B65C3A}.Debug|Any CPU.Build.0 = Debug|Any CPU
		{A7009F37-2181-403B-AD92-3AB0C0B65C3A}.Release|Any CPU.ActiveCfg = Release|Any CPU
		{A7009F37-2181-403B-AD92-3AB0C0B65C3A}.Release|Any CPU.Build.0 = Release|Any CPU
		{653C05FB-95AB-4E51-B392-48DC2FE10559}.Debug|Any CPU.ActiveCfg = Debug|Any CPU
		{653C05FB-95AB-4E51-B392-48DC2FE10559}.Debug|Any CPU.Build.0 = Debug|Any CPU
		{653C05FB-95AB-4E51-B392-48DC2FE10559}.Release|Any CPU.ActiveCfg = Release|Any CPU
		{653C05FB-95AB-4E51-B392-48DC2FE10559}.Release|Any CPU.Build.0 = Release|Any CPU
		{D6CFC595-4820-4FFE-8333-9884A21F5F15}.Debug|Any CPU.ActiveCfg = Debug|Any CPU
		{D6CFC595-4820-4FFE-8333-9884A21F5F15}.Debug|Any CPU.Build.0 = Debug|Any CPU
		{D6CFC595-4820-4FFE-8333-9884A21F5F15}.Release|Any CPU.ActiveCfg = Release|Any CPU
		{D6CFC595-4820-4FFE-8333-9884A21F5F15}.Release|Any CPU.Build.0 = Release|Any CPU
		{BC1BFE37-297D-4620-9CCE-CF72441E5C3C}.Debug|Any CPU.ActiveCfg = Debug|Any CPU
		{BC1BFE37-297D-4620-9CCE-CF72441E5C3C}.Debug|Any CPU.Build.0 = Debug|Any CPU
		{BC1BFE37-297D-4620-9CCE-CF72441E5C3C}.Release|Any CPU.ActiveCfg = Release|Any CPU
		{BC1BFE37-297D-4620-9CCE-CF72441E5C3C}.Release|Any CPU.Build.0 = Release|Any CPU
	EndGlobalSection
	GlobalSection(SolutionProperties) = preSolution
		HideSolutionNode = FALSE
	EndGlobalSection
	GlobalSection(ExtensibilityGlobals) = postSolution
		SolutionGuid = {F62FF69B-26C4-4654-BA2A-AFC95177BF20}
	EndGlobalSection
EndGlobal
